
Microsoft Visual Studio Solution File, Format Version 12.00
# Visual Studio Version 16
VisualStudioVersion = 16.0.31729.503
MinimumVisualStudioVersion = 10.0.40219.1
Project("{FAE04EC0-301F-11D3-BF4B-00C04F79EFBC}") = "ApplicationCore", "ApplicationCore\ApplicationCore.csproj", "{0AC256EB-6FD4-4E01-9F25-E9205D87EAAB}"
EndProject
Project("{FAE04EC0-301F-11D3-BF4B-00C04F79EFBC}") = "Infrastructure", "Infrastructure\Infrastructure.csproj", "{D7AC7FBD-A058-45FB-8EF8-DE32861B8C9A}"
EndProject
Project("{FAE04EC0-301F-11D3-BF4B-00C04F79EFBC}") = "HotelManagementAPI", "HotelManagementAPI\HotelManagementAPI.csproj", "{9EAF2D63-9660-4445-962B-7A38B7A4BB94}"
EndProject
Global
	GlobalSection(SolutionConfigurationPlatforms) = preSolution
		Debug|Any CPU = Debug|Any CPU
		Release|Any CPU = Release|Any CPU
	EndGlobalSection
	GlobalSection(ProjectConfigurationPlatforms) = postSolution
		{0AC256EB-6FD4-4E01-9F25-E9205D87EAAB}.Debug|Any CPU.ActiveCfg = Debug|Any CPU
		{0AC256EB-6FD4-4E01-9F25-E9205D87EAAB}.Debug|Any CPU.Build.0 = Debug|Any CPU
		{0AC256EB-6FD4-4E01-9F25-E9205D87EAAB}.Release|Any CPU.ActiveCfg = Release|Any CPU
		{0AC256EB-6FD4-4E01-9F25-E9205D87EAAB}.Release|Any CPU.Build.0 = Release|Any CPU
		{D7AC7FBD-A058-45FB-8EF8-DE32861B8C9A}.Debug|Any CPU.ActiveCfg = Debug|Any CPU
		{D7AC7FBD-A058-45FB-8EF8-DE32861B8C9A}.Debug|Any CPU.Build.0 = Debug|Any CPU
		{D7AC7FBD-A058-45FB-8EF8-DE32861B8C9A}.Release|Any CPU.ActiveCfg = Release|Any CPU
		{D7AC7FBD-A058-45FB-8EF8-DE32861B8C9A}.Release|Any CPU.Build.0 = Release|Any CPU
		{9EAF2D63-9660-4445-962B-7A38B7A4BB94}.Debug|Any CPU.ActiveCfg = Debug|Any CPU
		{9EAF2D63-9660-4445-962B-7A38B7A4BB94}.Debug|Any CPU.Build.0 = Debug|Any CPU
		{9EAF2D63-9660-4445-962B-7A38B7A4BB94}.Release|Any CPU.ActiveCfg = Release|Any CPU
		{9EAF2D63-9660-4445-962B-7A38B7A4BB94}.Release|Any CPU.Build.0 = Release|Any CPU
	EndGlobalSection
	GlobalSection(SolutionProperties) = preSolution
		HideSolutionNode = FALSE
	EndGlobalSection
	GlobalSection(ExtensibilityGlobals) = postSolution
		SolutionGuid = {5A7D59EA-8244-427C-AAB4-3AADD97DFC6E}
	EndGlobalSection
EndGlobal
